// !$*UTF8*$!
{
	archiveVersion = 1;
	classes = {
	};
	objectVersion = 50;
	objects = {

/* Begin PBXBuildFile section */
		2C7F994025BF1D11002150A0 /* Activity.swift in Sources */ = {isa = PBXBuildFile; fileRef = 2C7F993F25BF1D11002150A0 /* Activity.swift */; };
		2C7F994525BF1D46002150A0 /* Activities.swift in Sources */ = {isa = PBXBuildFile; fileRef = 2C7F994425BF1D46002150A0 /* Activities.swift */; };
		2CACD6BA25BC97A5004B6730 /* TodoApp.swift in Sources */ = {isa = PBXBuildFile; fileRef = 2CACD6B925BC97A5004B6730 /* TodoApp.swift */; };
		2CACD6BC25BC97A5004B6730 /* ActivityView.swift in Sources */ = {isa = PBXBuildFile; fileRef = 2CACD6BB25BC97A5004B6730 /* ActivityView.swift */; };
		2CACD6BE25BC97A5004B6730 /* Assets.xcassets in Resources */ = {isa = PBXBuildFile; fileRef = 2CACD6BD25BC97A5004B6730 /* Assets.xcassets */; };
		2CACD6C125BC97A5004B6730 /* Preview Assets.xcassets in Resources */ = {isa = PBXBuildFile; fileRef = 2CACD6C025BC97A5004B6730 /* Preview Assets.xcassets */; };
		2CACD6CC25BC97A6004B6730 /* TodoTests.swift in Sources */ = {isa = PBXBuildFile; fileRef = 2CACD6CB25BC97A6004B6730 /* TodoTests.swift */; };
		2CACD6D725BC97A6004B6730 /* TodoUITests.swift in Sources */ = {isa = PBXBuildFile; fileRef = 2CACD6D625BC97A6004B6730 /* TodoUITests.swift */; };
/* End PBXBuildFile section */

/* Begin PBXContainerItemProxy section */
		2CACD6C825BC97A6004B6730 /* PBXContainerItemProxy */ = {
			isa = PBXContainerItemProxy;
			containerPortal = 2CACD6AE25BC97A5004B6730 /* Project object */;
			proxyType = 1;
			remoteGlobalIDString = 2CACD6B525BC97A5004B6730;
			remoteInfo = Todo;
		};
		2CACD6D325BC97A6004B6730 /* PBXContainerItemProxy */ = {
			isa = PBXContainerItemProxy;
			containerPortal = 2CACD6AE25BC97A5004B6730 /* Project object */;
			proxyType = 1;
			remoteGlobalIDString = 2CACD6B525BC97A5004B6730;
			remoteInfo = Todo;
		};
/* End PBXContainerItemProxy section */

/* Begin PBXFileReference section */
		2C7F993F25BF1D11002150A0 /* Activity.swift */ = {isa = PBXFileReference; lastKnownFileType = sourcecode.swift; path = Activity.swift; sourceTree = "<group>"; };
		2C7F994425BF1D46002150A0 /* Activities.swift */ = {isa = PBXFileReference; lastKnownFileType = sourcecode.swift; path = Activities.swift; sourceTree = "<group>"; };
		2CACD6B625BC97A5004B6730 /* Todo.app */ = {isa = PBXFileReference; explicitFileType = wrapper.application; includeInIndex = 0; path = Todo.app; sourceTree = BUILT_PRODUCTS_DIR; };
		2CACD6B925BC97A5004B6730 /* TodoApp.swift */ = {isa = PBXFileReference; lastKnownFileType = sourcecode.swift; path = TodoApp.swift; sourceTree = "<group>"; };
		2CACD6BB25BC97A5004B6730 /* ActivityView.swift */ = {isa = PBXFileReference; lastKnownFileType = sourcecode.swift; path = ActivityView.swift; sourceTree = "<group>"; };
		2CACD6BD25BC97A5004B6730 /* Assets.xcassets */ = {isa = PBXFileReference; lastKnownFileType = folder.assetcatalog; path = Assets.xcassets; sourceTree = "<group>"; };
		2CACD6C025BC97A5004B6730 /* Preview Assets.xcassets */ = {isa = PBXFileReference; lastKnownFileType = folder.assetcatalog; path = "Preview Assets.xcassets"; sourceTree = "<group>"; };
		2CACD6C225BC97A5004B6730 /* Info.plist */ = {isa = PBXFileReference; lastKnownFileType = text.plist.xml; path = Info.plist; sourceTree = "<group>"; };
		2CACD6C725BC97A6004B6730 /* TodoTests.xctest */ = {isa = PBXFileReference; explicitFileType = wrapper.cfbundle; includeInIndex = 0; path = TodoTests.xctest; sourceTree = BUILT_PRODUCTS_DIR; };
		2CACD6CB25BC97A6004B6730 /* TodoTests.swift */ = {isa = PBXFileReference; lastKnownFileType = sourcecode.swift; path = TodoTests.swift; sourceTree = "<group>"; };
		2CACD6CD25BC97A6004B6730 /* Info.plist */ = {isa = PBXFileReference; lastKnownFileType = text.plist.xml; path = Info.plist; sourceTree = "<group>"; };
		2CACD6D225BC97A6004B6730 /* TodoUITests.xctest */ = {isa = PBXFileReference; explicitFileType = wrapper.cfbundle; includeInIndex = 0; path = TodoUITests.xctest; sourceTree = BUILT_PRODUCTS_DIR; };
		2CACD6D625BC97A6004B6730 /* TodoUITests.swift */ = {isa = PBXFileReference; lastKnownFileType = sourcecode.swift; path = TodoUITests.swift; sourceTree = "<group>"; };
		2CACD6D825BC97A6004B6730 /* Info.plist */ = {isa = PBXFileReference; lastKnownFileType = text.plist.xml; path = Info.plist; sourceTree = "<group>"; };
/* End PBXFileReference section */

/* Begin PBXFrameworksBuildPhase section */
		2CACD6B325BC97A5004B6730 /* Frameworks */ = {
			isa = PBXFrameworksBuildPhase;
			buildActionMask = 2147483647;
			files = (
			);
			runOnlyForDeploymentPostprocessing = 0;
		};
		2CACD6C425BC97A6004B6730 /* Frameworks */ = {
			isa = PBXFrameworksBuildPhase;
			buildActionMask = 2147483647;
			files = (
			);
			runOnlyForDeploymentPostprocessing = 0;
		};
		2CACD6CF25BC97A6004B6730 /* Frameworks */ = {
			isa = PBXFrameworksBuildPhase;
			buildActionMask = 2147483647;
			files = (
			);
			runOnlyForDeploymentPostprocessing = 0;
		};
/* End PBXFrameworksBuildPhase section */

/* Begin PBXGroup section */
		2C7F993C25BF1CEC002150A0 /* Model */ = {
			isa = PBXGroup;
			children = (
				2C7F993F25BF1D11002150A0 /* Activity.swift */,
			);
			path = Model;
			sourceTree = "<group>";
		};
		2C7F993E25BF1CFC002150A0 /* ViewModel */ = {
			isa = PBXGroup;
			children = (
				2C7F994425BF1D46002150A0 /* Activities.swift */,
			);
			path = ViewModel;
			sourceTree = "<group>";
		};
		2CACD6AD25BC97A5004B6730 = {
			isa = PBXGroup;
			children = (
				2CACD6B825BC97A5004B6730 /* Todo */,
				2CACD6CA25BC97A6004B6730 /* TodoTests */,
				2CACD6D525BC97A6004B6730 /* TodoUITests */,
				2CACD6B725BC97A5004B6730 /* Products */,
			);
			sourceTree = "<group>";
		};
		2CACD6B725BC97A5004B6730 /* Products */ = {
			isa = PBXGroup;
			children = (
				2CACD6B625BC97A5004B6730 /* Todo.app */,
				2CACD6C725BC97A6004B6730 /* TodoTests.xctest */,
				2CACD6D225BC97A6004B6730 /* TodoUITests.xctest */,
			);
			name = Products;
			sourceTree = "<group>";
		};
		2CACD6B825BC97A5004B6730 /* Todo */ = {
			isa = PBXGroup;
			children = (
				2CACD6B925BC97A5004B6730 /* TodoApp.swift */,
				2CACD6BB25BC97A5004B6730 /* ActivityView.swift */,
				2C7F993E25BF1CFC002150A0 /* ViewModel */,
				2C7F993C25BF1CEC002150A0 /* Model */,
				2CACD6BD25BC97A5004B6730 /* Assets.xcassets */,
				2CACD6C225BC97A5004B6730 /* Info.plist */,
				2CACD6BF25BC97A5004B6730 /* Preview Content */,
			);
			path = Todo;
			sourceTree = "<group>";
		};
		2CACD6BF25BC97A5004B6730 /* Preview Content */ = {
			isa = PBXGroup;
			children = (
				2CACD6C025BC97A5004B6730 /* Preview Assets.xcassets */,
			);
			path = "Preview Content";
			sourceTree = "<group>";
		};
		2CACD6CA25BC97A6004B6730 /* TodoTests */ = {
			isa = PBXGroup;
			children = (
				2CACD6CB25BC97A6004B6730 /* TodoTests.swift */,
				2CACD6CD25BC97A6004B6730 /* Info.plist */,
			);
			path = TodoTests;
			sourceTree = "<group>";
		};
		2CACD6D525BC97A6004B6730 /* TodoUITests */ = {
			isa = PBXGroup;
			children = (
				2CACD6D625BC97A6004B6730 /* TodoUITests.swift */,
				2CACD6D825BC97A6004B6730 /* Info.plist */,
			);
			path = TodoUITests;
			sourceTree = "<group>";
		};
/* End PBXGroup section */

/* Begin PBXNativeTarget section */
		2CACD6B525BC97A5004B6730 /* Todo */ = {
			isa = PBXNativeTarget;
			buildConfigurationList = 2CACD6DB25BC97A6004B6730 /* Build configuration list for PBXNativeTarget "Todo" */;
			buildPhases = (
				2CACD6B225BC97A5004B6730 /* Sources */,
				2CACD6B325BC97A5004B6730 /* Frameworks */,
				2CACD6B425BC97A5004B6730 /* Resources */,
			);
			buildRules = (
			);
			dependencies = (
			);
			name = Todo;
			productName = Todo;
			productReference = 2CACD6B625BC97A5004B6730 /* Todo.app */;
			productType = "com.apple.product-type.application";
		};
		2CACD6C625BC97A6004B6730 /* TodoTests */ = {
			isa = PBXNativeTarget;
			buildConfigurationList = 2CACD6DE25BC97A6004B6730 /* Build configuration list for PBXNativeTarget "TodoTests" */;
			buildPhases = (
				2CACD6C325BC97A6004B6730 /* Sources */,
				2CACD6C425BC97A6004B6730 /* Frameworks */,
				2CACD6C525BC97A6004B6730 /* Resources */,
			);
			buildRules = (
			);
			dependencies = (
				2CACD6C925BC97A6004B6730 /* PBXTargetDependency */,
			);
			name = TodoTests;
			productName = TodoTests;
			productReference = 2CACD6C725BC97A6004B6730 /* TodoTests.xctest */;
			productType = "com.apple.product-type.bundle.unit-test";
		};
		2CACD6D125BC97A6004B6730 /* TodoUITests */ = {
			isa = PBXNativeTarget;
			buildConfigurationList = 2CACD6E125BC97A6004B6730 /* Build configuration list for PBXNativeTarget "TodoUITests" */;
			buildPhases = (
				2CACD6CE25BC97A6004B6730 /* Sources */,
				2CACD6CF25BC97A6004B6730 /* Frameworks */,
				2CACD6D025BC97A6004B6730 /* Resources */,
			);
			buildRules = (
			);
			dependencies = (
				2CACD6D425BC97A6004B6730 /* PBXTargetDependency */,
			);
			name = TodoUITests;
			productName = TodoUITests;
			productReference = 2CACD6D225BC97A6004B6730 /* TodoUITests.xctest */;
			productType = "com.apple.product-type.bundle.ui-testing";
		};
/* End PBXNativeTarget section */

/* Begin PBXProject section */
		2CACD6AE25BC97A5004B6730 /* Project object */ = {
			isa = PBXProject;
			attributes = {
				LastSwiftUpdateCheck = 1230;
				LastUpgradeCheck = 1230;
				TargetAttributes = {
					2CACD6B525BC97A5004B6730 = {
						CreatedOnToolsVersion = 12.3;
					};
					2CACD6C625BC97A6004B6730 = {
						CreatedOnToolsVersion = 12.3;
						TestTargetID = 2CACD6B525BC97A5004B6730;
					};
					2CACD6D125BC97A6004B6730 = {
						CreatedOnToolsVersion = 12.3;
						TestTargetID = 2CACD6B525BC97A5004B6730;
					};
				};
			};
			buildConfigurationList = 2CACD6B125BC97A5004B6730 /* Build configuration list for PBXProject "Todo" */;
			compatibilityVersion = "Xcode 9.3";
			developmentRegion = en;
			hasScannedForEncodings = 0;
			knownRegions = (
				en,
				Base,
			);
			mainGroup = 2CACD6AD25BC97A5004B6730;
			productRefGroup = 2CACD6B725BC97A5004B6730 /* Products */;
			projectDirPath = "";
			projectRoot = "";
			targets = (
				2CACD6B525BC97A5004B6730 /* Todo */,
				2CACD6C625BC97A6004B6730 /* TodoTests */,
				2CACD6D125BC97A6004B6730 /* TodoUITests */,
			);
		};
/* End PBXProject section */

/* Begin PBXResourcesBuildPhase section */
		2CACD6B425BC97A5004B6730 /* Resources */ = {
			isa = PBXResourcesBuildPhase;
			buildActionMask = 2147483647;
			files = (
				2CACD6C125BC97A5004B6730 /* Preview Assets.xcassets in Resources */,
				2CACD6BE25BC97A5004B6730 /* Assets.xcassets in Resources */,
			);
			runOnlyForDeploymentPostprocessing = 0;
		};
		2CACD6C525BC97A6004B6730 /* Resources */ = {
			isa = PBXResourcesBuildPhase;
			buildActionMask = 2147483647;
			files = (
			);
			runOnlyForDeploymentPostprocessing = 0;
		};
		2CACD6D025BC97A6004B6730 /* Resources */ = {
			isa = PBXResourcesBuildPhase;
			buildActionMask = 2147483647;
			files = (
			);
			runOnlyForDeploymentPostprocessing = 0;
		};
/* End PBXResourcesBuildPhase section */

/* Begin PBXSourcesBuildPhase section */
		2CACD6B225BC97A5004B6730 /* Sources */ = {
			isa = PBXSourcesBuildPhase;
			buildActionMask = 2147483647;
			files = (
				2C7F994525BF1D46002150A0 /* Activities.swift in Sources */,
				2C7F994025BF1D11002150A0 /* Activity.swift in Sources */,
				2CACD6BC25BC97A5004B6730 /* ActivityView.swift in Sources */,
				2CACD6BA25BC97A5004B6730 /* TodoApp.swift in Sources */,
			);
			runOnlyForDeploymentPostprocessing = 0;
		};
		2CACD6C325BC97A6004B6730 /* Sources */ = {
			isa = PBXSourcesBuildPhase;
			buildActionMask = 2147483647;
			files = (
				2CACD6CC25BC97A6004B6730 /* TodoTests.swift in Sources */,
			);
			runOnlyForDeploymentPostprocessing = 0;
		};
		2CACD6CE25BC97A6004B6730 /* Sources */ = {
			isa = PBXSourcesBuildPhase;
			buildActionMask = 2147483647;
			files = (
				2CACD6D725BC97A6004B6730 /* TodoUITests.swift in Sources */,
			);
			runOnlyForDeploymentPostprocessing = 0;
		};
/* End PBXSourcesBuildPhase section */

/* Begin PBXTargetDependency section */
		2CACD6C925BC97A6004B6730 /* PBXTargetDependency */ = {
			isa = PBXTargetDependency;
			target = 2CACD6B525BC97A5004B6730 /* Todo */;
			targetProxy = 2CACD6C825BC97A6004B6730 /* PBXContainerItemProxy */;
		};
		2CACD6D425BC97A6004B6730 /* PBXTargetDependency */ = {
			isa = PBXTargetDependency;
			target = 2CACD6B525BC97A5004B6730 /* Todo */;
			targetProxy = 2CACD6D325BC97A6004B6730 /* PBXContainerItemProxy */;
		};
/* End PBXTargetDependency section */

/* Begin XCBuildConfiguration section */
		2CACD6D925BC97A6004B6730 /* Debug */ = {
			isa = XCBuildConfiguration;
			buildSettings = {
				ALWAYS_SEARCH_USER_PATHS = NO;
				CLANG_ANALYZER_NONNULL = YES;
				CLANG_ANALYZER_NUMBER_OBJECT_CONVERSION = YES_AGGRESSIVE;
				CLANG_CXX_LANGUAGE_STANDARD = "gnu++14";
				CLANG_CXX_LIBRARY = "libc++";
				CLANG_ENABLE_MODULES = YES;
				CLANG_ENABLE_OBJC_ARC = YES;
				CLANG_ENABLE_OBJC_WEAK = YES;
				CLANG_WARN_BLOCK_CAPTURE_AUTORELEASING = YES;
				CLANG_WARN_BOOL_CONVERSION = YES;
				CLANG_WARN_COMMA = YES;
				CLANG_WARN_CONSTANT_CONVERSION = YES;
				CLANG_WARN_DEPRECATED_OBJC_IMPLEMENTATIONS = YES;
				CLANG_WARN_DIRECT_OBJC_ISA_USAGE = YES_ERROR;
				CLANG_WARN_DOCUMENTATION_COMMENTS = YES;
				CLANG_WARN_EMPTY_BODY = YES;
				CLANG_WARN_ENUM_CONVERSION = YES;
				CLANG_WARN_INFINITE_RECURSION = YES;
				CLANG_WARN_INT_CONVERSION = YES;
				CLANG_WARN_NON_LITERAL_NULL_CONVERSION = YES;
				CLANG_WARN_OBJC_IMPLICIT_RETAIN_SELF = YES;
				CLANG_WARN_OBJC_LITERAL_CONVERSION = YES;
				CLANG_WARN_OBJC_ROOT_CLASS = YES_ERROR;
				CLANG_WARN_QUOTED_INCLUDE_IN_FRAMEWORK_HEADER = YES;
				CLANG_WARN_RANGE_LOOP_ANALYSIS = YES;
				CLANG_WARN_STRICT_PROTOTYPES = YES;
				CLANG_WARN_SUSPICIOUS_MOVE = YES;
				CLANG_WARN_UNGUARDED_AVAILABILITY = YES_AGGRESSIVE;
				CLANG_WARN_UNREACHABLE_CODE = YES;
				CLANG_WARN__DUPLICATE_METHOD_MATCH = YES;
				COPY_PHASE_STRIP = NO;
				DEBUG_INFORMATION_FORMAT = dwarf;
				ENABLE_STRICT_OBJC_MSGSEND = YES;
				ENABLE_TESTABILITY = YES;
				GCC_C_LANGUAGE_STANDARD = gnu11;
				GCC_DYNAMIC_NO_PIC = NO;
				GCC_NO_COMMON_BLOCKS = YES;
				GCC_OPTIMIZATION_LEVEL = 0;
				GCC_PREPROCESSOR_DEFINITIONS = (
					"DEBUG=1",
					"$(inherited)",
				);
				GCC_WARN_64_TO_32_BIT_CONVERSION = YES;
				GCC_WARN_ABOUT_RETURN_TYPE = YES_ERROR;
				GCC_WARN_UNDECLARED_SELECTOR = YES;
				GCC_WARN_UNINITIALIZED_AUTOS = YES_AGGRESSIVE;
				GCC_WARN_UNUSED_FUNCTION = YES;
				GCC_WARN_UNUSED_VARIABLE = YES;
				IPHONEOS_DEPLOYMENT_TARGET = 14.3;
				MTL_ENABLE_DEBUG_INFO = INCLUDE_SOURCE;
				MTL_FAST_MATH = YES;
				ONLY_ACTIVE_ARCH = YES;
				SDKROOT = iphoneos;
				SWIFT_ACTIVE_COMPILATION_CONDITIONS = DEBUG;
				SWIFT_OPTIMIZATION_LEVEL = "-Onone";
			};
			name = Debug;
		};
		2CACD6DA25BC97A6004B6730 /* Release */ = {
			isa = XCBuildConfiguration;
			buildSettings = {
				ALWAYS_SEARCH_USER_PATHS = NO;
				CLANG_ANALYZER_NONNULL = YES;
				CLANG_ANALYZER_NUMBER_OBJECT_CONVERSION = YES_AGGRESSIVE;
				CLANG_CXX_LANGUAGE_STANDARD = "gnu++14";
				CLANG_CXX_LIBRARY = "libc++";
				CLANG_ENABLE_MODULES = YES;
				CLANG_ENABLE_OBJC_ARC = YES;
				CLANG_ENABLE_OBJC_WEAK = YES;
				CLANG_WARN_BLOCK_CAPTURE_AUTORELEASING = YES;
				CLANG_WARN_BOOL_CONVERSION = YES;
				CLANG_WARN_COMMA = YES;
				CLANG_WARN_CONSTANT_CONVERSION = YES;
				CLANG_WARN_DEPRECATED_OBJC_IMPLEMENTATIONS = YES;
				CLANG_WARN_DIRECT_OBJC_ISA_USAGE = YES_ERROR;
				CLANG_WARN_DOCUMENTATION_COMMENTS = YES;
				CLANG_WARN_EMPTY_BODY = YES;
				CLANG_WARN_ENUM_CONVERSION = YES;
				CLANG_WARN_INFINITE_RECURSION = YES;
				CLANG_WARN_INT_CONVERSION = YES;
				CLANG_WARN_NON_LITERAL_NULL_CONVERSION = YES;
				CLANG_WARN_OBJC_IMPLICIT_RETAIN_SELF = YES;
				CLANG_WARN_OBJC_LITERAL_CONVERSION = YES;
				CLANG_WARN_OBJC_ROOT_CLASS = YES_ERROR;
				CLANG_WARN_QUOTED_INCLUDE_IN_FRAMEWORK_HEADER = YES;
				CLANG_WARN_RANGE_LOOP_ANALYSIS = YES;
				CLANG_WARN_STRICT_PROTOTYPES = YES;
				CLANG_WARN_SUSPICIOUS_MOVE = YES;
				CLANG_WARN_UNGUARDED_AVAILABILITY = YES_AGGRESSIVE;
				CLANG_WARN_UNREACHABLE_CODE = YES;
				CLANG_WARN__DUPLICATE_METHOD_MATCH = YES;
				COPY_PHASE_STRIP = NO;
				DEBUG_INFORMATION_FORMAT = "dwarf-with-dsym";
				ENABLE_NS_ASSERTIONS = NO;
				ENABLE_STRICT_OBJC_MSGSEND = YES;
				GCC_C_LANGUAGE_STANDARD = gnu11;
				GCC_NO_COMMON_BLOCKS = YES;
				GCC_WARN_64_TO_32_BIT_CONVERSION = YES;
				GCC_WARN_ABOUT_RETURN_TYPE = YES_ERROR;
				GCC_WARN_UNDECLARED_SELECTOR = YES;
				GCC_WARN_UNINITIALIZED_AUTOS = YES_AGGRESSIVE;
				GCC_WARN_UNUSED_FUNCTION = YES;
				GCC_WARN_UNUSED_VARIABLE = YES;
				IPHONEOS_DEPLOYMENT_TARGET = 14.3;
				MTL_ENABLE_DEBUG_INFO = NO;
				MTL_FAST_MATH = YES;
				SDKROOT = iphoneos;
				SWIFT_COMPILATION_MODE = wholemodule;
				SWIFT_OPTIMIZATION_LEVEL = "-O";
				VALIDATE_PRODUCT = YES;
			};
			name = Release;
		};
		2CACD6DC25BC97A6004B6730 /* Debug */ = {
			isa = XCBuildConfiguration;
			buildSettings = {
				ASSETCATALOG_COMPILER_APPICON_NAME = AppIcon;
				ASSETCATALOG_COMPILER_GLOBAL_ACCENT_COLOR_NAME = AccentColor;
				CODE_SIGN_STYLE = Automatic;
				DEVELOPMENT_ASSET_PATHS = "\"Todo/Preview Content\"";
				DEVELOPMENT_TEAM = VA8GM4F7TR;
				ENABLE_PREVIEWS = YES;
				INFOPLIST_FILE = Todo/Info.plist;
				IPHONEOS_DEPLOYMENT_TARGET = 14.0;
				LD_RUNPATH_SEARCH_PATHS = (
					"$(inherited)",
					"@executable_path/Frameworks",
				);
				PRODUCT_BUNDLE_IDENTIFIER = com.brandolugo.Todo;
				PRODUCT_NAME = "$(TARGET_NAME)";
				SWIFT_VERSION = 5.0;
				TARGETED_DEVICE_FAMILY = "1,2";
			};
			name = Debug;
		};
		2CACD6DD25BC97A6004B6730 /* Release */ = {
			isa = XCBuildConfiguration;
			buildSettings = {
				ASSETCATALOG_COMPILER_APPICON_NAME = AppIcon;
				ASSETCATALOG_COMPILER_GLOBAL_ACCENT_COLOR_NAME = AccentColor;
				CODE_SIGN_STYLE = Automatic;
				DEVELOPMENT_ASSET_PATHS = "\"Todo/Preview Content\"";
				DEVELOPMENT_TEAM = VA8GM4F7TR;
				ENABLE_PREVIEWS = YES;
				INFOPLIST_FILE = Todo/Info.plist;
				IPHONEOS_DEPLOYMENT_TARGET = 14.0;
				LD_RUNPATH_SEARCH_PATHS = (
					"$(inherited)",
					"@executable_path/Frameworks",
				);
				PRODUCT_BUNDLE_IDENTIFIER = com.brandolugo.Todo;
				PRODUCT_NAME = "$(TARGET_NAME)";
				SWIFT_VERSION = 5.0;
				TARGETED_DEVICE_FAMILY = "1,2";
			};
			name = Release;
		};
		2CACD6DF25BC97A6004B6730 /* Debug */ = {
			isa = XCBuildConfiguration;
			buildSettings = {
				ALWAYS_EMBED_SWIFT_STANDARD_LIBRARIES = YES;
				BUNDLE_LOADER = "$(TEST_HOST)";
				CODE_SIGN_STYLE = Automatic;
				DEVELOPMENT_TEAM = VA8GM4F7TR;
				INFOPLIST_FILE = TodoTests/Info.plist;
				IPHONEOS_DEPLOYMENT_TARGET = 14.0;
				LD_RUNPATH_SEARCH_PATHS = (
					"$(inherited)",
					"@executable_path/Frameworks",
					"@loader_path/Frameworks",
				);
				PRODUCT_BUNDLE_IDENTIFIER = com.brandolugo.TodoTests;
				PRODUCT_NAME = "$(TARGET_NAME)";
				SWIFT_VERSION = 5.0;
				TARGETED_DEVICE_FAMILY = "1,2";
				TEST_HOST = "$(BUILT_PRODUCTS_DIR)/Todo.app/Todo";
			};
			name = Debug;
		};
		2CACD6E025BC97A6004B6730 /* Release */ = {
			isa = XCBuildConfiguration;
			buildSettings = {
				ALWAYS_EMBED_SWIFT_STANDARD_LIBRARIES = YES;
				BUNDLE_LOADER = "$(TEST_HOST)";
				CODE_SIGN_STYLE = Automatic;
				DEVELOPMENT_TEAM = VA8GM4F7TR;
				INFOPLIST_FILE = TodoTests/Info.plist;
				IPHONEOS_DEPLOYMENT_TARGET = 14.0;
				LD_RUNPATH_SEARCH_PATHS = (
					"$(inherited)",
					"@executable_path/Frameworks",
					"@loader_path/Frameworks",
				);
				PRODUCT_BUNDLE_IDENTIFIER = com.brandolugo.TodoTests;
				PRODUCT_NAME = "$(TARGET_NAME)";
				SWIFT_VERSION = 5.0;
				TARGETED_DEVICE_FAMILY = "1,2";
				TEST_HOST = "$(BUILT_PRODUCTS_DIR)/Todo.app/Todo";
			};
			name = Release;
		};
		2CACD6E225BC97A6004B6730 /* Debug */ = {
			isa = XCBuildConfiguration;
			buildSettings = {
				ALWAYS_EMBED_SWIFT_STANDARD_LIBRARIES = YES;
				CODE_SIGN_STYLE = Automatic;
				DEVELOPMENT_TEAM = VA8GM4F7TR;
				INFOPLIST_FILE = TodoUITests/Info.plist;
				LD_RUNPATH_SEARCH_PATHS = (
					"$(inherited)",
					"@executable_path/Frameworks",
					"@loader_path/Frameworks",
				);
				PRODUCT_BUNDLE_IDENTIFIER = com.brandolugo.TodoUITests;
				PRODUCT_NAME = "$(TARGET_NAME)";
				SWIFT_VERSION = 5.0;
				TARGETED_DEVICE_FAMILY = "1,2";
				TEST_TARGET_NAME = Todo;
			};
			name = Debug;
		};
		2CACD6E325BC97A6004B6730 /* Release */ = {
			isa = XCBuildConfiguration;
			buildSettings = {
				ALWAYS_EMBED_SWIFT_STANDARD_LIBRARIES = YES;
				CODE_SIGN_STYLE = Automatic;
				DEVELOPMENT_TEAM = VA8GM4F7TR;
				INFOPLIST_FILE = TodoUITests/Info.plist;
				LD_RUNPATH_SEARCH_PATHS = (
					"$(inherited)",
					"@executable_path/Frameworks",
					"@loader_path/Frameworks",
				);
				PRODUCT_BUNDLE_IDENTIFIER = com.brandolugo.TodoUITests;
				PRODUCT_NAME = "$(TARGET_NAME)";
				SWIFT_VERSION = 5.0;
				TARGETED_DEVICE_FAMILY = "1,2";
				TEST_TARGET_NAME = Todo;
			};
			name = Release;
		};
/* End XCBuildConfiguration section */

/* Begin XCConfigurationList section */
		2CACD6B125BC97A5004B6730 /* Build configuration list for PBXProject "Todo" */ = {
			isa = XCConfigurationList;
			buildConfigurations = (
				2CACD6D925BC97A6004B6730 /* Debug */,
				2CACD6DA25BC97A6004B6730 /* Release */,
			);
			defaultConfigurationIsVisible = 0;
			defaultConfigurationName = Release;
		};
		2CACD6DB25BC97A6004B6730 /* Build configuration list for PBXNativeTarget "Todo" */ = {
			isa = XCConfigurationList;
			buildConfigurations = (
				2CACD6DC25BC97A6004B6730 /* Debug */,
				2CACD6DD25BC97A6004B6730 /* Release */,
			);
			defaultConfigurationIsVisible = 0;
			defaultConfigurationName = Release;
		};
		2CACD6DE25BC97A6004B6730 /* Build configuration list for PBXNativeTarget "TodoTests" */ = {
			isa = XCConfigurationList;
			buildConfigurations = (
				2CACD6DF25BC97A6004B6730 /* Debug */,
				2CACD6E025BC97A6004B6730 /* Release */,
			);
			defaultConfigurationIsVisible = 0;
			defaultConfigurationName = Release;
		};
		2CACD6E125BC97A6004B6730 /* Build configuration list for PBXNativeTarget "TodoUITests" */ = {
			isa = XCConfigurationList;
			buildConfigurations = (
				2CACD6E225BC97A6004B6730 /* Debug */,
				2CACD6E325BC97A6004B6730 /* Release */,
			);
			defaultConfigurationIsVisible = 0;
			defaultConfigurationName = Release;
		};
/* End XCConfigurationList section */
	};
	rootObject = 2CACD6AE25BC97A5004B6730 /* Project object */;
}
